
Microsoft Visual Studio Solution File, Format Version 12.00
# Visual Studio 14
VisualStudioVersion = 14.0.25420.1
MinimumVisualStudioVersion = 10.0.40219.1
Project("{FAE04EC0-301F-11D3-BF4B-00C04F79EFBC}") = "CapaPresentacion", "EscalaConstructoresSAC\CapaPresentacion.csproj", "{8CD3CC65-DEC9-4392-B755-66F1C6EFF9CE}"
EndProject
Project("{FAE04EC0-301F-11D3-BF4B-00C04F79EFBC}") = "CapaEntidad", "CapaEntidad\CapaEntidad.csproj", "{C381B6BB-0A0F-444B-B512-F764D0042229}"
EndProject
Project("{FAE04EC0-301F-11D3-BF4B-00C04F79EFBC}") = "CapaLogica", "CapaLogica\CapaLogica.csproj", "{2F078D83-B434-4928-BC62-9F136E83CDCA}"
EndProject
Project("{FAE04EC0-301F-11D3-BF4B-00C04F79EFBC}") = "CapaAccesoDatos", "CapaAccesoDatos\CapaAccesoDatos.csproj", "{35188A1B-49FE-4A1C-A5B7-5E0C91264D0A}"
EndProject
Global
	GlobalSection(SolutionConfigurationPlatforms) = preSolution
		Debug|Any CPU = Debug|Any CPU
		Release|Any CPU = Release|Any CPU
	EndGlobalSection
	GlobalSection(ProjectConfigurationPlatforms) = postSolution
		{8CD3CC65-DEC9-4392-B755-66F1C6EFF9CE}.Debug|Any CPU.ActiveCfg = Debug|Any CPU
		{8CD3CC65-DEC9-4392-B755-66F1C6EFF9CE}.Debug|Any CPU.Build.0 = Debug|Any CPU
		{8CD3CC65-DEC9-4392-B755-66F1C6EFF9CE}.Release|Any CPU.ActiveCfg = Release|Any CPU
		{8CD3CC65-DEC9-4392-B755-66F1C6EFF9CE}.Release|Any CPU.Build.0 = Release|Any CPU
		{C381B6BB-0A0F-444B-B512-F764D0042229}.Debug|Any CPU.ActiveCfg = Debug|Any CPU
		{C381B6BB-0A0F-444B-B512-F764D0042229}.Debug|Any CPU.Build.0 = Debug|Any CPU
		{C381B6BB-0A0F-444B-B512-F764D0042229}.Release|Any CPU.ActiveCfg = Release|Any CPU
		{C381B6BB-0A0F-444B-B512-F764D0042229}.Release|Any CPU.Build.0 = Release|Any CPU
		{2F078D83-B434-4928-BC62-9F136E83CDCA}.Debug|Any CPU.ActiveCfg = Debug|Any CPU
		{2F078D83-B434-4928-BC62-9F136E83CDCA}.Debug|Any CPU.Build.0 = Debug|Any CPU
		{2F078D83-B434-4928-BC62-9F136E83CDCA}.Release|Any CPU.ActiveCfg = Release|Any CPU
		{2F078D83-B434-4928-BC62-9F136E83CDCA}.Release|Any CPU.Build.0 = Release|Any CPU
		{35188A1B-49FE-4A1C-A5B7-5E0C91264D0A}.Debug|Any CPU.ActiveCfg = Debug|Any CPU
		{35188A1B-49FE-4A1C-A5B7-5E0C91264D0A}.Debug|Any CPU.Build.0 = Debug|Any CPU
		{35188A1B-49FE-4A1C-A5B7-5E0C91264D0A}.Release|Any CPU.ActiveCfg = Release|Any CPU
		{35188A1B-49FE-4A1C-A5B7-5E0C91264D0A}.Release|Any CPU.Build.0 = Release|Any CPU
	EndGlobalSection
	GlobalSection(SolutionProperties) = preSolution
		HideSolutionNode = FALSE
	EndGlobalSection
EndGlobal
